github.com/weakish/goaround v0.1.0 h1:IZ6x8cdVohR4EQ8gm5wjMFjLj0N4PYVt8OcJMTZECAE=
github.com/weakish/goaround v0.1.0/go.mod h1:CJ36zFfnNKHdmHA7XYOOertHB8zE9F/OQnhbFvIlX94=
github.com/weakish/gosugar v0.3.0 h1:9B4BbzE/CIj6CnYm5O7lMTw07N1I1jmVS6x1zt0/vzE=
github.com/weakish/gosugar v0.3.0/go.mod h1:AOraJUDpLnFP+3lft0LYhn8jkUWDSg7cDHcyRMXFo/o=
